
Microsoft Visual Studio Solution File, Format Version 12.00
# Visual Studio Version 16
VisualStudioVersion = 16.0.30523.141
MinimumVisualStudioVersion = 10.0.40219.1
Project("{FAE04EC0-301F-11D3-BF4B-00C04F79EFBC}") = "GithubRestApiTest", "GithubRestApiTest\GithubRestApiTest.csproj", "{448E67D7-1EFE-4C1F-BB0C-C2DFCB76E343}"
EndProject
Global
	GlobalSection(SolutionConfigurationPlatforms) = preSolution
		Debug|Any CPU = Debug|Any CPU
		Release|Any CPU = Release|Any CPU
	EndGlobalSection
	GlobalSection(ProjectConfigurationPlatforms) = postSolution
		{448E67D7-1EFE-4C1F-BB0C-C2DFCB76E343}.Debug|Any CPU.ActiveCfg = Debug|Any CPU
		{448E67D7-1EFE-4C1F-BB0C-C2DFCB76E343}.Debug|Any CPU.Build.0 = Debug|Any CPU
		{448E67D7-1EFE-4C1F-BB0C-C2DFCB76E343}.Release|Any CPU.ActiveCfg = Release|Any CPU
		{448E67D7-1EFE-4C1F-BB0C-C2DFCB76E343}.Release|Any CPU.Build.0 = Release|Any CPU
	EndGlobalSection
	GlobalSection(SolutionProperties) = preSolution
		HideSolutionNode = FALSE
	EndGlobalSection
	GlobalSection(ExtensibilityGlobals) = postSolution
		SolutionGuid = {FE74B0D3-A559-41A8-AC69-9B2DFD060ED3}
	EndGlobalSection
EndGlobal
